
Microsoft Visual Studio Solution File, Format Version 12.00
# Visual Studio Version 17
VisualStudioVersion = 17.5.33530.505
MinimumVisualStudioVersion = 10.0.40219.1
Project("{FAE04EC0-301F-11D3-BF4B-00C04F79EFBC}") = "LabsShareLibrary", "LabsShareLibrary\LabsShareLibrary.csproj", "{B988F6D0-13D0-4504-B93A-5BFE6CDCEB2A}"
EndProject
Project("{FAE04EC0-301F-11D3-BF4B-00C04F79EFBC}") = "krutikovlab2", "krutikovlab2\krutikovlab2.csproj", "{69C98414-E1A0-4672-A3C6-A62ECF02F3D6}"
EndProject
Project("{FAE04EC0-301F-11D3-BF4B-00C04F79EFBC}") = "TestTree", "TestTree\TestTree.csproj", "{0B9D4B7D-2EB2-4E77-B7B0-3624B6981B7F}"
EndProject
Global
	GlobalSection(SolutionConfigurationPlatforms) = preSolution
		Debug|Any CPU = Debug|Any CPU
		Release|Any CPU = Release|Any CPU
	EndGlobalSection
	GlobalSection(ProjectConfigurationPlatforms) = postSolution
		{B988F6D0-13D0-4504-B93A-5BFE6CDCEB2A}.Debug|Any CPU.ActiveCfg = Debug|Any CPU
		{B988F6D0-13D0-4504-B93A-5BFE6CDCEB2A}.Debug|Any CPU.Build.0 = Debug|Any CPU
		{B988F6D0-13D0-4504-B93A-5BFE6CDCEB2A}.Release|Any CPU.ActiveCfg = Release|Any CPU
		{B988F6D0-13D0-4504-B93A-5BFE6CDCEB2A}.Release|Any CPU.Build.0 = Release|Any CPU
		{69C98414-E1A0-4672-A3C6-A62ECF02F3D6}.Debug|Any CPU.ActiveCfg = Debug|Any CPU
		{69C98414-E1A0-4672-A3C6-A62ECF02F3D6}.Debug|Any CPU.Build.0 = Debug|Any CPU
		{69C98414-E1A0-4672-A3C6-A62ECF02F3D6}.Release|Any CPU.ActiveCfg = Release|Any CPU
		{69C98414-E1A0-4672-A3C6-A62ECF02F3D6}.Release|Any CPU.Build.0 = Release|Any CPU
		{0B9D4B7D-2EB2-4E77-B7B0-3624B6981B7F}.Debug|Any CPU.ActiveCfg = Debug|Any CPU
		{0B9D4B7D-2EB2-4E77-B7B0-3624B6981B7F}.Debug|Any CPU.Build.0 = Debug|Any CPU
		{0B9D4B7D-2EB2-4E77-B7B0-3624B6981B7F}.Release|Any CPU.ActiveCfg = Release|Any CPU
		{0B9D4B7D-2EB2-4E77-B7B0-3624B6981B7F}.Release|Any CPU.Build.0 = Release|Any CPU
	EndGlobalSection
	GlobalSection(SolutionProperties) = preSolution
		HideSolutionNode = FALSE
	EndGlobalSection
	GlobalSection(ExtensibilityGlobals) = postSolution
		SolutionGuid = {C7251562-671A-4186-AD72-6CF6A5354A71}
	EndGlobalSection
EndGlobal
